// !$*UTF8*$!
{
	archiveVersion = 1;
	classes = {
	};
	objectVersion = 46;
	objects = {

/* Begin PBXBuildFile section */
		DC65EC6B1A7C0F0C00760A7C /* TGPEliza.h in CopyFiles */ = {isa = PBXBuildFile; fileRef = DC65EC6A1A7C0F0C00760A7C /* TGPEliza.h */; };
		DC65EC731A7C0F0C00760A7C /* libTGPEliza.a in Frameworks */ = {isa = PBXBuildFile; fileRef = DC65EC671A7C0F0C00760A7C /* libTGPEliza.a */; };
		DC9623E11A7F4FE00027F629 /* TGPEliza.m in Sources */ = {isa = PBXBuildFile; fileRef = DC9623E01A7F4FE00027F629 /* TGPEliza.m */; };
		DC9623E41A7F4FEA0027F629 /* TGPChatBot.m in Sources */ = {isa = PBXBuildFile; fileRef = DC9623E31A7F4FEA0027F629 /* TGPChatBot.m */; };
/* End PBXBuildFile section */

/* Begin PBXContainerItemProxy section */
		DC65EC741A7C0F0C00760A7C /* PBXContainerItemProxy */ = {
			isa = PBXContainerItemProxy;
			containerPortal = DC65EC5F1A7C0F0C00760A7C /* Project object */;
			proxyType = 1;
			remoteGlobalIDString = DC65EC661A7C0F0C00760A7C;
			remoteInfo = TGPEliza;
		};
/* End PBXContainerItemProxy section */

/* Begin PBXCopyFilesBuildPhase section */
		DC65EC651A7C0F0C00760A7C /* CopyFiles */ = {
			isa = PBXCopyFilesBuildPhase;
			buildActionMask = 2147483647;
			dstPath = "include/$(PRODUCT_NAME)";
			dstSubfolderSpec = 16;
			files = (
				DC65EC6B1A7C0F0C00760A7C /* TGPEliza.h in CopyFiles */,
			);
			runOnlyForDeploymentPostprocessing = 0;
		};
/* End PBXCopyFilesBuildPhase section */

/* Begin PBXFileReference section */
		DC65EC671A7C0F0C00760A7C /* libTGPEliza.a */ = {isa = PBXFileReference; explicitFileType = archive.ar; includeInIndex = 0; path = libTGPEliza.a; sourceTree = BUILT_PRODUCTS_DIR; };
		DC65EC6A1A7C0F0C00760A7C /* TGPEliza.h */ = {isa = PBXFileReference; lastKnownFileType = sourcecode.c.h; path = TGPEliza.h; sourceTree = "<group>"; };
		DC65EC721A7C0F0C00760A7C /* TGPElizaTests.xctest */ = {isa = PBXFileReference; explicitFileType = wrapper.cfbundle; includeInIndex = 0; path = TGPElizaTests.xctest; sourceTree = BUILT_PRODUCTS_DIR; };
		DC65EC781A7C0F0C00760A7C /* Info.plist */ = {isa = PBXFileReference; lastKnownFileType = text.plist.xml; path = Info.plist; sourceTree = "<group>"; };
		DC65EC9C1A7C1D9800760A7C /* TGPEliza.podspec */ = {isa = PBXFileReference; lastKnownFileType = text; path = TGPEliza.podspec; sourceTree = "<group>"; };
		DC9623E01A7F4FE00027F629 /* TGPEliza.m */ = {isa = PBXFileReference; fileEncoding = 4; lastKnownFileType = sourcecode.c.objc; path = TGPEliza.m; sourceTree = "<group>"; };
		DC9623E21A7F4FEA0027F629 /* TGPChatBot.h */ = {isa = PBXFileReference; fileEncoding = 4; lastKnownFileType = sourcecode.c.h; path = TGPChatBot.h; sourceTree = "<group>"; };
		DC9623E31A7F4FEA0027F629 /* TGPChatBot.m */ = {isa = PBXFileReference; fileEncoding = 4; lastKnownFileType = sourcecode.c.objc; path = TGPChatBot.m; sourceTree = "<group>"; };
/* End PBXFileReference section */

/* Begin PBXFrameworksBuildPhase section */
		DC65EC641A7C0F0C00760A7C /* Frameworks */ = {
			isa = PBXFrameworksBuildPhase;
			buildActionMask = 2147483647;
			files = (
			);
			runOnlyForDeploymentPostprocessing = 0;
		};
		DC65EC6F1A7C0F0C00760A7C /* Frameworks */ = {
			isa = PBXFrameworksBuildPhase;
			buildActionMask = 2147483647;
			files = (
				DC65EC731A7C0F0C00760A7C /* libTGPEliza.a in Frameworks */,
			);
			runOnlyForDeploymentPostprocessing = 0;
		};
/* End PBXFrameworksBuildPhase section */

/* Begin PBXGroup section */
		DC65EC5E1A7C0F0C00760A7C = {
			isa = PBXGroup;
			children = (
				DC65EC9C1A7C1D9800760A7C /* TGPEliza.podspec */,
				DC65EC691A7C0F0C00760A7C /* TGPEliza */,
				DC65EC761A7C0F0C00760A7C /* TGPElizaTests */,
				DC65EC681A7C0F0C00760A7C /* Products */,
			);
			sourceTree = "<group>";
		};
		DC65EC681A7C0F0C00760A7C /* Products */ = {
			isa = PBXGroup;
			children = (
				DC65EC671A7C0F0C00760A7C /* libTGPEliza.a */,
				DC65EC721A7C0F0C00760A7C /* TGPElizaTests.xctest */,
			);
			name = Products;
			sourceTree = "<group>";
		};
		DC65EC691A7C0F0C00760A7C /* TGPEliza */ = {
			isa = PBXGroup;
			children = (
				DC9623E21A7F4FEA0027F629 /* TGPChatBot.h */,
				DC9623E31A7F4FEA0027F629 /* TGPChatBot.m */,
				DC65EC6A1A7C0F0C00760A7C /* TGPEliza.h */,
				DC9623E01A7F4FE00027F629 /* TGPEliza.m */,
			);
			path = TGPEliza;
			sourceTree = "<group>";
		};
		DC65EC761A7C0F0C00760A7C /* TGPElizaTests */ = {
			isa = PBXGroup;
			children = (
				DC65EC771A7C0F0C00760A7C /* Supporting Files */,
			);
			path = TGPElizaTests;
			sourceTree = "<group>";
		};
		DC65EC771A7C0F0C00760A7C /* Supporting Files */ = {
			isa = PBXGroup;
			children = (
				DC65EC781A7C0F0C00760A7C /* Info.plist */,
			);
			name = "Supporting Files";
			sourceTree = "<group>";
		};
/* End PBXGroup section */

/* Begin PBXNativeTarget section */
		DC65EC661A7C0F0C00760A7C /* TGPEliza */ = {
			isa = PBXNativeTarget;
			buildConfigurationList = DC65EC7B1A7C0F0C00760A7C /* Build configuration list for PBXNativeTarget "TGPEliza" */;
			buildPhases = (
				DC65EC631A7C0F0C00760A7C /* Sources */,
				DC65EC641A7C0F0C00760A7C /* Frameworks */,
				DC65EC651A7C0F0C00760A7C /* CopyFiles */,
			);
			buildRules = (
			);
			dependencies = (
			);
			name = TGPEliza;
			productName = TGPEliza;
			productReference = DC65EC671A7C0F0C00760A7C /* libTGPEliza.a */;
			productType = "com.apple.product-type.library.static";
		};
		DC65EC711A7C0F0C00760A7C /* TGPElizaTests */ = {
			isa = PBXNativeTarget;
			buildConfigurationList = DC65EC7E1A7C0F0C00760A7C /* Build configuration list for PBXNativeTarget "TGPElizaTests" */;
			buildPhases = (
				DC65EC6E1A7C0F0C00760A7C /* Sources */,
				DC65EC6F1A7C0F0C00760A7C /* Frameworks */,
				DC65EC701A7C0F0C00760A7C /* Resources */,
			);
			buildRules = (
			);
			dependencies = (
				DC65EC751A7C0F0C00760A7C /* PBXTargetDependency */,
			);
			name = TGPElizaTests;
			productName = TGPElizaTests;
			productReference = DC65EC721A7C0F0C00760A7C /* TGPElizaTests.xctest */;
			productType = "com.apple.product-type.bundle.unit-test";
		};
/* End PBXNativeTarget section */

/* Begin PBXProject section */
		DC65EC5F1A7C0F0C00760A7C /* Project object */ = {
			isa = PBXProject;
			attributes = {
				LastUpgradeCheck = 0610;
				ORGANIZATIONNAME = TheGothicParty;
				TargetAttributes = {
					DC65EC661A7C0F0C00760A7C = {
						CreatedOnToolsVersion = 6.1.1;
					};
					DC65EC711A7C0F0C00760A7C = {
						CreatedOnToolsVersion = 6.1.1;
					};
				};
			};
			buildConfigurationList = DC65EC621A7C0F0C00760A7C /* Build configuration list for PBXProject "TGPEliza" */;
			compatibilityVersion = "Xcode 3.2";
			developmentRegion = English;
			hasScannedForEncodings = 0;
			knownRegions = (
				en,
			);
			mainGroup = DC65EC5E1A7C0F0C00760A7C;
			productRefGroup = DC65EC681A7C0F0C00760A7C /* Products */;
			projectDirPath = "";
			projectRoot = "";
			targets = (
				DC65EC661A7C0F0C00760A7C /* TGPEliza */,
				DC65EC711A7C0F0C00760A7C /* TGPElizaTests */,
			);
		};
/* End PBXProject section */

/* Begin PBXResourcesBuildPhase section */
		DC65EC701A7C0F0C00760A7C /* Resources */ = {
			isa = PBXResourcesBuildPhase;
			buildActionMask = 2147483647;
			files = (
			);
			runOnlyForDeploymentPostprocessing = 0;
		};
/* End PBXResourcesBuildPhase section */

/* Begin PBXSourcesBuildPhase section */
		DC65EC631A7C0F0C00760A7C /* Sources */ = {
			isa = PBXSourcesBuildPhase;
			buildActionMask = 2147483647;
			files = (
				DC9623E11A7F4FE00027F629 /* TGPEliza.m in Sources */,
				DC9623E41A7F4FEA0027F629 /* TGPChatBot.m in Sources */,
			);
			runOnlyForDeploymentPostprocessing = 0;
		};
		DC65EC6E1A7C0F0C00760A7C /* Sources */ = {
			isa = PBXSourcesBuildPhase;
			buildActionMask = 2147483647;
			files = (
			);
			runOnlyForDeploymentPostprocessing = 0;
		};
/* End PBXSourcesBuildPhase section */

/* Begin PBXTargetDependency section */
		DC65EC751A7C0F0C00760A7C /* PBXTargetDependency */ = {
			isa = PBXTargetDependency;
			target = DC65EC661A7C0F0C00760A7C /* TGPEliza */;
			targetProxy = DC65EC741A7C0F0C00760A7C /* PBXContainerItemProxy */;
		};
/* End PBXTargetDependency section */

/* Begin XCBuildConfiguration section */
		DC65EC791A7C0F0C00760A7C /* Debug */ = {
			isa = XCBuildConfiguration;
			buildSettings = {
				ALWAYS_SEARCH_USER_PATHS = NO;
				CLANG_CXX_LANGUAGE_STANDARD = "gnu++0x";
				CLANG_CXX_LIBRARY = "libc++";
				CLANG_ENABLE_MODULES = YES;
				CLANG_ENABLE_OBJC_ARC = YES;
				CLANG_WARN_BOOL_CONVERSION = YES;
				CLANG_WARN_CONSTANT_CONVERSION = YES;
				CLANG_WARN_DIRECT_OBJC_ISA_USAGE = YES_ERROR;
				CLANG_WARN_EMPTY_BODY = YES;
				CLANG_WARN_ENUM_CONVERSION = YES;
				CLANG_WARN_INT_CONVERSION = YES;
				CLANG_WARN_OBJC_ROOT_CLASS = YES_ERROR;
				CLANG_WARN_UNREACHABLE_CODE = YES;
				CLANG_WARN__DUPLICATE_METHOD_MATCH = YES;
				COPY_PHASE_STRIP = NO;
				ENABLE_STRICT_OBJC_MSGSEND = YES;
				GCC_C_LANGUAGE_STANDARD = gnu99;
				GCC_DYNAMIC_NO_PIC = NO;
				GCC_OPTIMIZATION_LEVEL = 0;
				GCC_PREPROCESSOR_DEFINITIONS = (
					"DEBUG=1",
					"$(inherited)",
				);
				GCC_SYMBOLS_PRIVATE_EXTERN = NO;
				GCC_WARN_64_TO_32_BIT_CONVERSION = YES;
				GCC_WARN_ABOUT_RETURN_TYPE = YES_ERROR;
				GCC_WARN_UNDECLARED_SELECTOR = YES;
				GCC_WARN_UNINITIALIZED_AUTOS = YES_AGGRESSIVE;
				GCC_WARN_UNUSED_FUNCTION = YES;
				GCC_WARN_UNUSED_VARIABLE = YES;
				IPHONEOS_DEPLOYMENT_TARGET = 8.1;
				MTL_ENABLE_DEBUG_INFO = YES;
				ONLY_ACTIVE_ARCH = YES;
				SDKROOT = iphoneos;
			};
			name = Debug;
		};
		DC65EC7A1A7C0F0C00760A7C /* Release */ = {
			isa = XCBuildConfiguration;
			buildSettings = {
				ALWAYS_SEARCH_USER_PATHS = NO;
				CLANG_CXX_LANGUAGE_STANDARD = "gnu++0x";
				CLANG_CXX_LIBRARY = "libc++";
				CLANG_ENABLE_MODULES = YES;
				CLANG_ENABLE_OBJC_ARC = YES;
				CLANG_WARN_BOOL_CONVERSION = YES;
				CLANG_WARN_CONSTANT_CONVERSION = YES;
				CLANG_WARN_DIRECT_OBJC_ISA_USAGE = YES_ERROR;
				CLANG_WARN_EMPTY_BODY = YES;
				CLANG_WARN_ENUM_CONVERSION = YES;
				CLANG_WARN_INT_CONVERSION = YES;
				CLANG_WARN_OBJC_ROOT_CLASS = YES_ERROR;
				CLANG_WARN_UNREACHABLE_CODE = YES;
				CLANG_WARN__DUPLICATE_METHOD_MATCH = YES;
				COPY_PHASE_STRIP = YES;
				ENABLE_NS_ASSERTIONS = NO;
				ENABLE_STRICT_OBJC_MSGSEND = YES;
				GCC_C_LANGUAGE_STANDARD = gnu99;
				GCC_WARN_64_TO_32_BIT_CONVERSION = YES;
				GCC_WARN_ABOUT_RETURN_TYPE = YES_ERROR;
				GCC_WARN_UNDECLARED_SELECTOR = YES;
				GCC_WARN_UNINITIALIZED_AUTOS = YES_AGGRESSIVE;
				GCC_WARN_UNUSED_FUNCTION = YES;
				GCC_WARN_UNUSED_VARIABLE = YES;
				IPHONEOS_DEPLOYMENT_TARGET = 8.1;
				MTL_ENABLE_DEBUG_INFO = NO;
				SDKROOT = iphoneos;
				VALIDATE_PRODUCT = YES;
			};
			name = Release;
		};
		DC65EC7C1A7C0F0C00760A7C /* Debug */ = {
			isa = XCBuildConfiguration;
			buildSettings = {
				OTHER_LDFLAGS = "-ObjC";
				PRODUCT_NAME = "$(TARGET_NAME)";
				SKIP_INSTALL = YES;
			};
			name = Debug;
		};
		DC65EC7D1A7C0F0C00760A7C /* Release */ = {
			isa = XCBuildConfiguration;
			buildSettings = {
				OTHER_LDFLAGS = "-ObjC";
				PRODUCT_NAME = "$(TARGET_NAME)";
				SKIP_INSTALL = YES;
			};
			name = Release;
		};
		DC65EC7F1A7C0F0C00760A7C /* Debug */ = {
			isa = XCBuildConfiguration;
			buildSettings = {
				FRAMEWORK_SEARCH_PATHS = (
					"$(SDKROOT)/Developer/Library/Frameworks",
					"$(inherited)",
				);
				GCC_PREPROCESSOR_DEFINITIONS = (
					"DEBUG=1",
					"$(inherited)",
				);
				INFOPLIST_FILE = TGPElizaTests/Info.plist;
				LD_RUNPATH_SEARCH_PATHS = "$(inherited) @executable_path/Frameworks @loader_path/Frameworks";
				PRODUCT_NAME = "$(TARGET_NAME)";
			};
			name = Debug;
		};
		DC65EC801A7C0F0C00760A7C /* Release */ = {
			isa = XCBuildConfiguration;
			buildSettings = {
				FRAMEWORK_SEARCH_PATHS = (
					"$(SDKROOT)/Developer/Library/Frameworks",
					"$(inherited)",
				);
				INFOPLIST_FILE = TGPElizaTests/Info.plist;
				LD_RUNPATH_SEARCH_PATHS = "$(inherited) @executable_path/Frameworks @loader_path/Frameworks";
				PRODUCT_NAME = "$(TARGET_NAME)";
			};
			name = Release;
		};
/* End XCBuildConfiguration section */

/* Begin XCConfigurationList section */
		DC65EC621A7C0F0C00760A7C /* Build configuration list for PBXProject "TGPEliza" */ = {
			isa = XCConfigurationList;
			buildConfigurations = (
				DC65EC791A7C0F0C00760A7C /* Debug */,
				DC65EC7A1A7C0F0C00760A7C /* Release */,
			);
			defaultConfigurationIsVisible = 0;
			defaultConfigurationName = Release;
		};
		DC65EC7B1A7C0F0C00760A7C /* Build configuration list for PBXNativeTarget "TGPEliza" */ = {
			isa = XCConfigurationList;
			buildConfigurations = (
				DC65EC7C1A7C0F0C00760A7C /* Debug */,
				DC65EC7D1A7C0F0C00760A7C /* Release */,
			);
			defaultConfigurationIsVisible = 0;
			defaultConfigurationName = Release;
		};
		DC65EC7E1A7C0F0C00760A7C /* Build configuration list for PBXNativeTarget "TGPElizaTests" */ = {
			isa = XCConfigurationList;
			buildConfigurations = (
				DC65EC7F1A7C0F0C00760A7C /* Debug */,
				DC65EC801A7C0F0C00760A7C /* Release */,
			);
			defaultConfigurationIsVisible = 0;
			defaultConfigurationName = Release;
		};
/* End XCConfigurationList section */
	};
	rootObject = DC65EC5F1A7C0F0C00760A7C /* Project object */;
}
